<?xml version="1.0" encoding="utf-8"?>
<Project ToolsVersion="4.0" xmlns="http://schemas.microsoft.com/developer/msbuild/2003">
  <ItemGroup>
    <Filter Include="Resource Files">
      <UniqueIdentifier>{67DA6AB6-F800-4c08-8B7A-83BB121AAD01}</UniqueIdentifier>
      <Extensions>rc;ico;cur;bmp;dlg;rc2;rct;bin;rgs;gif;jpg;jpeg;jpe;resx;tiff;tif;png;wav;mfcribbon-ms</Extensions>
    </Filter>
    <Filter Include="Cards">
      <UniqueIdentifier>{a4a46059-1194-4b5d-9354-962712d90885}</UniqueIdentifier>
    </Filter>
    <Filter Include="Cards\header">
      <UniqueIdentifier>{478694a9-22ff-43f6-a515-7a0f23f6eb52}</UniqueIdentifier>
    </Filter>
    <Filter Include="Cards\src">
      <UniqueIdentifier>{49ad233d-fe1c-4f09-8f41-95e095b7024c}</UniqueIdentifier>
    </Filter>
    <Filter Include="General">
      <UniqueIdentifier>{0cd3817d-db93-4235-9227-fc01f32916b8}</UniqueIdentifier>
    </Filter>
    <Filter Include="General\header">
      <UniqueIdentifier>{1e8f2166-812c-4967-a65c-c0dc53fffe69}</UniqueIdentifier>
    </Filter>
    <Filter Include="General\src">
      <UniqueIdentifier>{ebbb15ad-6978-42dc-af33-b3e807544bcc}</UniqueIdentifier>
    </Filter>
    <Filter Include="Menus">
      <UniqueIdentifier>{15999139-a7f9-42ac-bb4f-b6f66e343798}</UniqueIdentifier>
    </Filter>
    <Filter Include="Menus\header">
      <UniqueIdentifier>{f3f60604-24cd-4a70-8234-278ae3ba1966}</UniqueIdentifier>
    </Filter>
    <Filter Include="Menus\src">
      <UniqueIdentifier>{f13a43fe-de5a-4b06-bf76-b5690cdc0bf1}</UniqueIdentifier>
    </Filter>
    <Filter Include="Util">
      <UniqueIdentifier>{2ef799ea-aeaa-4605-84e9-2fdae6a1b82e}</UniqueIdentifier>
    </Filter>
    <Filter Include="Util\header">
      <UniqueIdentifier>{96ec411e-8b33-44de-939d-fa6f41194f1b}</UniqueIdentifier>
    </Filter>
    <Filter Include="Util\src">
      <UniqueIdentifier>{f34b2921-a5d0-47cd-a707-b0b7622031ac}</UniqueIdentifier>
    </Filter>
    <Filter Include="Editors">
      <UniqueIdentifier>{80860c71-a814-403f-9f59-c431b8762adb}</UniqueIdentifier>
    </Filter>
    <Filter Include="Editors\header">
      <UniqueIdentifier>{56713094-5de0-46d2-a0e6-4f03dac55350}</UniqueIdentifier>
    </Filter>
    <Filter Include="Editors\src">
      <UniqueIdentifier>{6e4bb0b4-5c32-49ed-ba99-11c63aa6e1a6}</UniqueIdentifier>
    </Filter>
  </ItemGroup>
  <ItemGroup>
    <ClInclude Include="Card.h">
      <Filter>Cards\header</Filter>
    </ClInclude>
    <ClInclude Include="CityCard.h">
      <Filter>Cards\header</Filter>
    </ClInclude>
    <ClInclude Include="EpidemicCard.h">
      <Filter>Cards\header</Filter>
    </ClInclude>
    <ClInclude Include="EventCard.h">
      <Filter>Cards\header</Filter>
    </ClInclude>
    <ClInclude Include="InfectionCard.h">
      <Filter>Cards\header</Filter>
    </ClInclude>
    <ClInclude Include="PlayerCard.h">
      <Filter>Cards\header</Filter>
    </ClInclude>
    <ClInclude Include="PlayerCityCard.h">
      <Filter>Cards\header</Filter>
    </ClInclude>
    <ClInclude Include="RoleCard.h">
      <Filter>Cards\header</Filter>
    </ClInclude>
    <ClInclude Include="TextualCard.h">
      <Filter>Cards\header</Filter>
    </ClInclude>
    <ClInclude Include="City.h">
      <Filter>General\header</Filter>
    </ClInclude>
    <ClInclude Include="Colour.h">
      <Filter>General\header</Filter>
    </ClInclude>
    <ClInclude Include="CubePool.h">
      <Filter>General\header</Filter>
    </ClInclude>
    <ClInclude Include="GameState.h">
      <Filter>General\header</Filter>
    </ClInclude>
    <ClInclude Include="InfectionCardDeck.h">
      <Filter>General\header</Filter>
    </ClInclude>
    <ClInclude Include="Map.h">
      <Filter>General\header</Filter>
    </ClInclude>
    <ClInclude Include="Pawn.h">
      <Filter>General\header</Filter>
    </ClInclude>
    <ClInclude Include="Player.h">
      <Filter>General\header</Filter>
    </ClInclude>
    <ClInclude Include="Deck.h">
      <Filter>General\header</Filter>
    </ClInclude>
    <ClInclude Include="DeckofRoles.h">
      <Filter>General\header</Filter>
    </ClInclude>
    <ClInclude Include="Menu.h">
      <Filter>Menus\header</Filter>
    </ClInclude>
    <ClInclude Include="MenuOption.h">
      <Filter>Menus\header</Filter>
    </ClInclude>
    <ClInclude Include="Serialization.h">
      <Filter>Util\header</Filter>
    </ClInclude>
    <ClInclude Include="Util.h">
      <Filter>Util\header</Filter>
    </ClInclude>
    <ClInclude Include="json.hpp">
      <Filter>Resource Files</Filter>
    </ClInclude>
    <ClInclude Include="DeckofEvents.h">
      <Filter>General\header</Filter>
    </ClInclude>
    <ClInclude Include="MapEditor.h">
      <Filter>Editors\header</Filter>
    </ClInclude>
  </ItemGroup>
  <ItemGroup>
    <ClCompile Include="Card.cpp">
      <Filter>Cards\src</Filter>
    </ClCompile>
    <ClCompile Include="CityCard.cpp">
      <Filter>Cards\src</Filter>
    </ClCompile>
    <ClCompile Include="EpidemicCard.cpp">
      <Filter>Cards\src</Filter>
    </ClCompile>
    <ClCompile Include="EventCard.cpp">
      <Filter>Cards\src</Filter>
    </ClCompile>
    <ClCompile Include="InfectionCard.cpp">
      <Filter>Cards\src</Filter>
    </ClCompile>
    <ClCompile Include="PlayerCard.cpp">
      <Filter>Cards\src</Filter>
    </ClCompile>
    <ClCompile Include="PlayerCityCard.cpp">
      <Filter>Cards\src</Filter>
    </ClCompile>
    <ClCompile Include="RoleCard.cpp">
      <Filter>Cards\src</Filter>
    </ClCompile>
    <ClCompile Include="TextualCard.cpp">
      <Filter>Cards\src</Filter>
    </ClCompile>
    <ClCompile Include="City.cpp">
      <Filter>General\src</Filter>
    </ClCompile>
    <ClCompile Include="Colour.cpp">
      <Filter>General\src</Filter>
    </ClCompile>
    <ClCompile Include="CubePool.cpp">
      <Filter>General\src</Filter>
    </ClCompile>
    <ClCompile Include="GameState.cpp">
      <Filter>General\src</Filter>
    </ClCompile>
    <ClCompile Include="InfectionCardDeck.cpp">
      <Filter>General\src</Filter>
    </ClCompile>
    <ClCompile Include="Map.cpp">
      <Filter>General\src</Filter>
    </ClCompile>
    <ClCompile Include="Pawn.cpp">
      <Filter>General\src</Filter>
    </ClCompile>
    <ClCompile Include="Player.cpp">
      <Filter>General\src</Filter>
    </ClCompile>
    <ClCompile Include="Pandemic.cpp" />
    <ClCompile Include="Deck.cpp">
      <Filter>General\src</Filter>
    </ClCompile>
    <ClCompile Include="DeckofRoles.cpp">
      <Filter>General\src</Filter>
    </ClCompile>
    <ClCompile Include="Menu.cpp">
      <Filter>Menus\src</Filter>
    </ClCompile>
    <ClCompile Include="Util.cpp">
      <Filter>Util\src</Filter>
    </ClCompile>
    <ClCompile Include="Serialization.cpp">
      <Filter>Util\src</Filter>
    </ClCompile>
    <ClCompile Include="DeckofEvents.cpp">
      <Filter>General\src</Filter>
    </ClCompile>
    <ClCompile Include="MapEditor.cpp">
      <Filter>Editors\src</Filter>
    </ClCompile>
  </ItemGroup>
  <ItemGroup>
    <Text Include="README.txt">
      <Filter>Resource Files</Filter>
    </Text>
  </ItemGroup>
  <ItemGroup>
    <None Include="earth.map">
      <Filter>Resource Files</Filter>
    </None>
    <None Include="save.json">
      <Filter>Resource Files</Filter>
    </None>
    <None Include="earth2.map">
      <Filter>Resource Files</Filter>
    </None>
    <None Include="save2.json">
      <Filter>Resource Files</Filter>
    </None>
    <None Include="save5.json">
      <Filter>Resource Files</Filter>
    </None>
  </ItemGroup>
</Project>