<?xml version="1.0" encoding="utf-8"?>
<Project ToolsVersion="4.0" xmlns="http://schemas.microsoft.com/developer/msbuild/2003">
  <ItemGroup>
    <Filter Include="Cards">
      <UniqueIdentifier>{a4a46059-1194-4b5d-9354-962712d90885}</UniqueIdentifier>
    </Filter>
    <Filter Include="Cards\header">
      <UniqueIdentifier>{478694a9-22ff-43f6-a515-7a0f23f6eb52}</UniqueIdentifier>
    </Filter>
    <Filter Include="Cards\src">
      <UniqueIdentifier>{49ad233d-fe1c-4f09-8f41-95e095b7024c}</UniqueIdentifier>
    </Filter>
    <Filter Include="General">
      <UniqueIdentifier>{0cd3817d-db93-4235-9227-fc01f32916b8}</UniqueIdentifier>
    </Filter>
    <Filter Include="General\header">
      <UniqueIdentifier>{1e8f2166-812c-4967-a65c-c0dc53fffe69}</UniqueIdentifier>
    </Filter>
    <Filter Include="General\src">
      <UniqueIdentifier>{ebbb15ad-6978-42dc-af33-b3e807544bcc}</UniqueIdentifier>
    </Filter>
    <Filter Include="Menus">
      <UniqueIdentifier>{15999139-a7f9-42ac-bb4f-b6f66e343798}</UniqueIdentifier>
    </Filter>
    <Filter Include="Menus\header">
      <UniqueIdentifier>{f3f60604-24cd-4a70-8234-278ae3ba1966}</UniqueIdentifier>
    </Filter>
    <Filter Include="Util">
      <UniqueIdentifier>{2ef799ea-aeaa-4605-84e9-2fdae6a1b82e}</UniqueIdentifier>
    </Filter>
    <Filter Include="Util\header">
      <UniqueIdentifier>{96ec411e-8b33-44de-939d-fa6f41194f1b}</UniqueIdentifier>
    </Filter>
    <Filter Include="Util\src">
      <UniqueIdentifier>{f34b2921-a5d0-47cd-a707-b0b7622031ac}</UniqueIdentifier>
    </Filter>
    <Filter Include="Editors">
      <UniqueIdentifier>{80860c71-a814-403f-9f59-c431b8762adb}</UniqueIdentifier>
    </Filter>
    <Filter Include="Editors\header">
      <UniqueIdentifier>{56713094-5de0-46d2-a0e6-4f03dac55350}</UniqueIdentifier>
    </Filter>
    <Filter Include="Editors\src">
      <UniqueIdentifier>{6e4bb0b4-5c32-49ed-ba99-11c63aa6e1a6}</UniqueIdentifier>
    </Filter>
    <Filter Include="Victory and Defeat">
      <UniqueIdentifier>{6a4101d1-adab-4909-aada-4806a4a5d52a}</UniqueIdentifier>
    </Filter>
    <Filter Include="Victory and Defeat\header">
      <UniqueIdentifier>{b50446da-a4a3-4604-88f6-894ceffddf4b}</UniqueIdentifier>
    </Filter>
    <Filter Include="Victory and Defeat\src">
      <UniqueIdentifier>{ad338b42-bd7c-4d71-aa77-f5759b474df0}</UniqueIdentifier>
    </Filter>
    <Filter Include="Main">
      <UniqueIdentifier>{c4b4a563-92a9-427a-b60f-7e79f6aad0f4}</UniqueIdentifier>
    </Filter>
    <Filter Include="Views">
      <UniqueIdentifier>{dda3c2e8-c81e-4a95-923e-92f475833527}</UniqueIdentifier>
    </Filter>
    <Filter Include="Views\header">
      <UniqueIdentifier>{5bf945b4-51e0-45da-b576-bb65fb32b26f}</UniqueIdentifier>
    </Filter>
    <Filter Include="Views\src">
      <UniqueIdentifier>{d00b4926-ef4f-44b5-94ab-4db3206bc5a8}</UniqueIdentifier>
    </Filter>
    <Filter Include="Controllers">
      <UniqueIdentifier>{6fc5e5ae-0781-4541-8a36-c29ef2ebcac6}</UniqueIdentifier>
    </Filter>
    <Filter Include="Controllers\header">
      <UniqueIdentifier>{07cf3dfb-45d3-4b44-97c3-871ba57cabae}</UniqueIdentifier>
    </Filter>
    <Filter Include="Controllers\src">
      <UniqueIdentifier>{8f87dc60-d41d-4242-ab2b-28dc1aa3dbc4}</UniqueIdentifier>
    </Filter>
    <Filter Include="Actions">
      <UniqueIdentifier>{d37f08b0-6c2d-40e3-a183-72c754099b3a}</UniqueIdentifier>
    </Filter>
    <Filter Include="Actions\General Actions">
      <UniqueIdentifier>{00d2753e-4666-4828-946e-9a51d0df0a8d}</UniqueIdentifier>
    </Filter>
    <Filter Include="Actions\General Actions\header">
      <UniqueIdentifier>{093a2aa8-24c7-4bf8-9613-1bb8191b74b8}</UniqueIdentifier>
    </Filter>
    <Filter Include="Actions\General Actions\src">
      <UniqueIdentifier>{e7318972-542c-4228-b517-471d163c3807}</UniqueIdentifier>
    </Filter>
    <Filter Include="Actions\Role Actions">
      <UniqueIdentifier>{935f21f0-25e8-46aa-abdb-058af1e842eb}</UniqueIdentifier>
    </Filter>
    <Filter Include="Actions\Role Actions\header">
      <UniqueIdentifier>{315e6d0d-ca09-44e0-af25-8f5bc29518c0}</UniqueIdentifier>
    </Filter>
    <Filter Include="Actions\Role Actions\src">
      <UniqueIdentifier>{7fc465f6-3703-4354-9038-1ab9d55babb1}</UniqueIdentifier>
    </Filter>
    <Filter Include="RoleCards">
      <UniqueIdentifier>{7bf574de-65a6-45af-ae90-4ad662333ee9}</UniqueIdentifier>
    </Filter>
    <Filter Include="RoleCards\header">
      <UniqueIdentifier>{8c30b921-1c66-433e-9ab5-f6548a9039a1}</UniqueIdentifier>
    </Filter>
    <Filter Include="RoleCards\src">
      <UniqueIdentifier>{0a9073b4-844c-4866-8724-3c330fd669b3}</UniqueIdentifier>
    </Filter>
    <Filter Include="Event Cards">
      <UniqueIdentifier>{8611b03f-4e24-42d3-8ea8-032722c4f350}</UniqueIdentifier>
    </Filter>
    <Filter Include="Event Cards\header">
      <UniqueIdentifier>{ed365b0e-973d-4d5a-974c-f5a5da75e636}</UniqueIdentifier>
    </Filter>
    <Filter Include="Event Cards\src">
      <UniqueIdentifier>{02b552c8-052e-4038-8c05-fdbf02dd5206}</UniqueIdentifier>
    </Filter>
    <Filter Include="Resource Files">
      <UniqueIdentifier>{fb33f33a-9def-4b1d-b685-d377d2935492}</UniqueIdentifier>
    </Filter>
  </ItemGroup>
  <ItemGroup>
    <ClInclude Include="Card.h">
      <Filter>Cards\header</Filter>
    </ClInclude>
    <ClInclude Include="CityCard.h">
      <Filter>Cards\header</Filter>
    </ClInclude>
    <ClInclude Include="EpidemicCard.h">
      <Filter>Cards\header</Filter>
    </ClInclude>
    <ClInclude Include="EventCard.h">
      <Filter>Cards\header</Filter>
    </ClInclude>
    <ClInclude Include="InfectionCard.h">
      <Filter>Cards\header</Filter>
    </ClInclude>
    <ClInclude Include="PlayerCard.h">
      <Filter>Cards\header</Filter>
    </ClInclude>
    <ClInclude Include="PlayerCityCard.h">
      <Filter>Cards\header</Filter>
    </ClInclude>
    <ClInclude Include="RoleCard.h">
      <Filter>Cards\header</Filter>
    </ClInclude>
    <ClInclude Include="TextualCard.h">
      <Filter>Cards\header</Filter>
    </ClInclude>
    <ClInclude Include="City.h">
      <Filter>General\header</Filter>
    </ClInclude>
    <ClInclude Include="Colour.h">
      <Filter>General\header</Filter>
    </ClInclude>
    <ClInclude Include="CubePool.h">
      <Filter>General\header</Filter>
    </ClInclude>
    <ClInclude Include="Map.h">
      <Filter>General\header</Filter>
    </ClInclude>
    <ClInclude Include="Pawn.h">
      <Filter>General\header</Filter>
    </ClInclude>
    <ClInclude Include="Player.h">
      <Filter>General\header</Filter>
    </ClInclude>
    <ClInclude Include="Deck.h">
      <Filter>General\header</Filter>
    </ClInclude>
    <ClInclude Include="Menu.h">
      <Filter>Menus\header</Filter>
    </ClInclude>
    <ClInclude Include="MenuOption.h">
      <Filter>Menus\header</Filter>
    </ClInclude>
    <ClInclude Include="Util.h">
      <Filter>Util\header</Filter>
    </ClInclude>
    <ClInclude Include="MapEditor.h">
      <Filter>Editors\header</Filter>
    </ClInclude>
    <ClInclude Include="TerminationState.h">
      <Filter>Victory and Defeat\header</Filter>
    </ClInclude>
    <ClInclude Include="OutbreakCounter.h">
      <Filter>Victory and Defeat\header</Filter>
    </ClInclude>
    <ClInclude Include="Pandemic.h">
      <Filter>Main</Filter>
    </ClInclude>
    <ClInclude Include="DiseaseTracker.h">
      <Filter>Victory and Defeat\header</Filter>
    </ClInclude>
    <ClInclude Include="Observable.h">
      <Filter>General\header</Filter>
    </ClInclude>
    <ClInclude Include="Observer.h">
      <Filter>Views\header</Filter>
    </ClInclude>
    <ClInclude Include="TerminationHandler.h">
      <Filter>Views\header</Filter>
    </ClInclude>
    <ClInclude Include="Terminator.h">
      <Filter>Victory and Defeat\header</Filter>
    </ClInclude>
    <ClInclude Include="Board.h">
      <Filter>General\header</Filter>
    </ClInclude>
    <ClInclude Include="Action.h">
      <Filter>Actions\General Actions\header</Filter>
    </ClInclude>
    <ClInclude Include="DriveOrFerry.h">
      <Filter>Actions\General Actions\header</Filter>
    </ClInclude>
    <ClInclude Include="ActionController.h">
      <Filter>Controllers\header</Filter>
    </ClInclude>
    <ClInclude Include="DirectFlight.h">
      <Filter>Actions\General Actions\header</Filter>
    </ClInclude>
    <ClInclude Include="CharterFlight.h">
      <Filter>Actions\General Actions\header</Filter>
    </ClInclude>
    <ClInclude Include="BuildResearchStation.h">
      <Filter>Actions\General Actions\header</Filter>
    </ClInclude>
    <ClInclude Include="ShuttleFlight.h">
      <Filter>Actions\General Actions\header</Filter>
    </ClInclude>
    <ClInclude Include="DiscoverACure.h">
      <Filter>Actions\General Actions\header</Filter>
    </ClInclude>
    <ClInclude Include="GiveKnowledge.h">
      <Filter>Actions\General Actions\header</Filter>
    </ClInclude>
    <ClInclude Include="Dispatch.h">
      <Filter>Actions\Role Actions\header</Filter>
    </ClInclude>
    <ClInclude Include="MoveFromResearchStation.h">
      <Filter>Actions\Role Actions\header</Filter>
    </ClInclude>
    <ClInclude Include="ResearcherGiveKnowledge.h">
      <Filter>Actions\Role Actions\header</Filter>
    </ClInclude>
    <ClInclude Include="TakeKnowledge.h">
      <Filter>Actions\General Actions\header</Filter>
    </ClInclude>
    <ClInclude Include="TreatDisease.h">
      <Filter>Actions\General Actions\header</Filter>
    </ClInclude>
    <ClInclude Include="OperationsExpert.h">
      <Filter>RoleCards\header</Filter>
    </ClInclude>
    <ClInclude Include="ContingencyPlanner.h">
      <Filter>RoleCards\header</Filter>
    </ClInclude>
    <ClInclude Include="Dispatcher.h">
      <Filter>RoleCards\header</Filter>
    </ClInclude>
    <ClInclude Include="Researcher.h">
      <Filter>RoleCards\header</Filter>
    </ClInclude>
    <ClInclude Include="Medic.h">
      <Filter>RoleCards\header</Filter>
    </ClInclude>
    <ClInclude Include="QuarantineSpecialist.h">
      <Filter>RoleCards\header</Filter>
    </ClInclude>
    <ClInclude Include="Scientist.h">
      <Filter>RoleCards\header</Filter>
    </ClInclude>
    <ClInclude Include="Airlift.h">
      <Filter>Event Cards\header</Filter>
    </ClInclude>
    <ClInclude Include="GameStatistics.h">
      <Filter>Views\header</Filter>
    </ClInclude>
    <ClInclude Include="Airlift.h">
      <Filter>Event Cards\header</Filter>
    </ClInclude>
    <ClInclude Include="GovernmentGrant.h">
      <Filter>Event Cards\header</Filter>
    </ClInclude>
    <ClInclude Include="ResilientPopulation.h">
      <Filter>Event Cards\header</Filter>
    </ClInclude>
    <ClInclude Include="Forecast.h">
      <Filter>Event Cards\header</Filter>
    </ClInclude>
    <ClInclude Include="OneQuietNight.h">
      <Filter>Event Cards\header</Filter>
    </ClInclude>
    <ClInclude Include="BoardBuilder.h">
      <Filter>Util\header</Filter>
    </ClInclude>
    <ClInclude Include="SaveBuilder.h">
      <Filter>Util\header</Filter>
    </ClInclude>
    <ClInclude Include="MonoObserver.h">
      <Filter>Views\header</Filter>
    </ClInclude>
    <ClInclude Include="PolyObserver.h">
      <Filter>Views\header</Filter>
    </ClInclude>
    <ClInclude Include="json.hpp">
      <Filter>Resource Files</Filter>
    </ClInclude>
    <ClInclude Include="DeckOfRoles.h">
      <Filter>General\header</Filter>
    </ClInclude>
    <ClInclude Include="HandObserver.h">
      <Filter>Views\header</Filter>
    </ClInclude>
    <ClInclude Include="InfectedCityPercentage.h">
      <Filter>Views\header</Filter>
    </ClInclude>
    <ClInclude Include="RemainingInfectionCard.h">
      <Filter>Views\header</Filter>
    </ClInclude>
    <ClInclude Include="StatisticDecorator.h">
      <Filter>Views\header</Filter>
    </ClInclude>
    <ClInclude Include="TreatmentPriority.h">
      <Filter>Views\header</Filter>
    </ClInclude>
    <ClInclude Include="DoNothing.h">
      <Filter>Actions\General Actions\header</Filter>
    </ClInclude>
    <ClInclude Include="PlayerController.h">
      <Filter>Controllers\header</Filter>
    </ClInclude>
    <ClInclude Include="DeckOfEvents.h">
      <Filter>General\header</Filter>
    </ClInclude>
    <ClInclude Include="Quit.h">
      <Filter>Victory and Defeat\header</Filter>
    </ClInclude>
    <ClInclude Include="PlayerCardDeck.h">
      <Filter>Victory and Defeat\header</Filter>
    </ClInclude>
    <ClInclude Include="AirliftCard.h">
      <Filter>Event Cards\header</Filter>
    </ClInclude>
    <ClInclude Include="ForecastCard.h">
      <Filter>Event Cards\header</Filter>
    </ClInclude>
    <ClInclude Include="GovernmentGrantCard.h">
      <Filter>Event Cards\header</Filter>
    </ClInclude>
    <ClInclude Include="OneQuietNightCard.h">
      <Filter>Event Cards\header</Filter>
    </ClInclude>
    <ClInclude Include="ResilientPopulationCard.h">
      <Filter>Event Cards\header</Filter>
    </ClInclude>
    <ClInclude Include="StoreEventCard.h">
      <Filter>Actions\Role Actions\header</Filter>
    </ClInclude>
  </ItemGroup>
  <ItemGroup>
    <ClCompile Include="Card.cpp">
      <Filter>Cards\src</Filter>
    </ClCompile>
    <ClCompile Include="CityCard.cpp">
      <Filter>Cards\src</Filter>
    </ClCompile>
    <ClCompile Include="EpidemicCard.cpp">
      <Filter>Cards\src</Filter>
    </ClCompile>
    <ClCompile Include="EventCard.cpp">
      <Filter>Cards\src</Filter>
    </ClCompile>
    <ClCompile Include="InfectionCard.cpp">
      <Filter>Cards\src</Filter>
    </ClCompile>
    <ClCompile Include="PlayerCard.cpp">
      <Filter>Cards\src</Filter>
    </ClCompile>
    <ClCompile Include="PlayerCityCard.cpp">
      <Filter>Cards\src</Filter>
    </ClCompile>
    <ClCompile Include="RoleCard.cpp">
      <Filter>Cards\src</Filter>
    </ClCompile>
    <ClCompile Include="TextualCard.cpp">
      <Filter>Cards\src</Filter>
    </ClCompile>
    <ClCompile Include="City.cpp">
      <Filter>General\src</Filter>
    </ClCompile>
    <ClCompile Include="Colour.cpp">
      <Filter>General\src</Filter>
    </ClCompile>
    <ClCompile Include="CubePool.cpp">
      <Filter>General\src</Filter>
    </ClCompile>
    <ClCompile Include="Map.cpp">
      <Filter>General\src</Filter>
    </ClCompile>
    <ClCompile Include="Pawn.cpp">
      <Filter>General\src</Filter>
    </ClCompile>
    <ClCompile Include="Player.cpp">
      <Filter>General\src</Filter>
    </ClCompile>
    <ClCompile Include="Deck.cpp">
      <Filter>General\src</Filter>
    </ClCompile>
    <ClCompile Include="Util.cpp">
      <Filter>Util\src</Filter>
    </ClCompile>
    <ClCompile Include="MapEditor.cpp">
      <Filter>Editors\src</Filter>
    </ClCompile>
    <ClCompile Include="Terminator.cpp">
      <Filter>Victory and Defeat\src</Filter>
    </ClCompile>
    <ClCompile Include="OutbreakCounter.cpp">
      <Filter>Victory and Defeat\src</Filter>
    </ClCompile>
    <ClCompile Include="Pandemic.cpp">
      <Filter>Main</Filter>
    </ClCompile>
    <ClCompile Include="Observable.cpp">
      <Filter>General\src</Filter>
    </ClCompile>
    <ClCompile Include="TerminationHandler.cpp">
      <Filter>Views\src</Filter>
    </ClCompile>
    <ClCompile Include="DiseaseTracker.cpp">
      <Filter>Victory and Defeat\src</Filter>
    </ClCompile>
    <ClCompile Include="Board.cpp">
      <Filter>General\src</Filter>
    </ClCompile>
    <ClCompile Include="Action.cpp">
      <Filter>Actions\General Actions\src</Filter>
    </ClCompile>
    <ClCompile Include="DriveOrFerry.cpp">
      <Filter>Actions\General Actions\src</Filter>
    </ClCompile>
    <ClCompile Include="ActionController.cpp">
      <Filter>Controllers\src</Filter>
    </ClCompile>
    <ClCompile Include="DirectFlight.cpp">
      <Filter>Actions\General Actions\src</Filter>
    </ClCompile>
    <ClCompile Include="CharterFlight.cpp">
      <Filter>Actions\General Actions\src</Filter>
    </ClCompile>
    <ClCompile Include="BuildResearchStation.cpp">
      <Filter>Actions\General Actions\src</Filter>
    </ClCompile>
    <ClCompile Include="ShuttleFlight.cpp">
      <Filter>Actions\General Actions\src</Filter>
    </ClCompile>
    <ClCompile Include="DiscoverACure.cpp">
      <Filter>Actions\General Actions\src</Filter>
    </ClCompile>
    <ClCompile Include="GiveKnowledge.cpp">
      <Filter>Actions\General Actions\src</Filter>
    </ClCompile>
    <ClCompile Include="Dispatch.cpp">
      <Filter>Actions\Role Actions\src</Filter>
    </ClCompile>
    <ClCompile Include="MoveFromResearchStation.cpp">
      <Filter>Actions\Role Actions\src</Filter>
    </ClCompile>
    <ClCompile Include="ResearcherGiveKnowledge.cpp">
      <Filter>Actions\Role Actions\src</Filter>
    </ClCompile>
    <ClCompile Include="TakeKnowledge.cpp">
      <Filter>Actions\General Actions\src</Filter>
    </ClCompile>
    <ClCompile Include="TreatDisease.cpp">
      <Filter>Actions\General Actions\src</Filter>
    </ClCompile>
    <ClCompile Include="OperationsExpert.cpp">
      <Filter>RoleCards\src</Filter>
    </ClCompile>
    <ClCompile Include="ContingencyPlanner.cpp">
      <Filter>RoleCards\src</Filter>
    </ClCompile>
    <ClCompile Include="Dispatcher.cpp">
      <Filter>RoleCards\src</Filter>
    </ClCompile>
    <ClCompile Include="Researcher.cpp">
      <Filter>RoleCards\src</Filter>
    </ClCompile>
    <ClCompile Include="Medic.cpp">
      <Filter>RoleCards\src</Filter>
    </ClCompile>
    <ClCompile Include="QuarantineSpecialist.cpp">
      <Filter>RoleCards\src</Filter>
    </ClCompile>
    <ClCompile Include="Scientist.cpp">
      <Filter>RoleCards\src</Filter>
    </ClCompile>
    <ClCompile Include="Airlift.cpp">
      <Filter>Event Cards\src</Filter>
    </ClCompile>
    <ClCompile Include="Airlift.cpp">
      <Filter>Event Cards\src</Filter>
    </ClCompile>
    <ClCompile Include="GameStatistics.cpp">
      <Filter>Views\src</Filter>
    </ClCompile>
    <ClCompile Include="ResilientPopulation.cpp">
      <Filter>Event Cards\src</Filter>
    </ClCompile>
    <ClCompile Include="GovernmentGrant.cpp">
      <Filter>Event Cards\src</Filter>
    </ClCompile>
    <ClCompile Include="Forecast.cpp">
      <Filter>Event Cards\src</Filter>
    </ClCompile>
    <ClCompile Include="OneQuietNight.cpp">
      <Filter>Event Cards\src</Filter>
    </ClCompile>
    <ClCompile Include="BoardBuilder.cpp">
      <Filter>Util\src</Filter>
    </ClCompile>
    <ClCompile Include="SaveBuilder.cpp">
      <Filter>Util\src</Filter>
    </ClCompile>
    <ClCompile Include="DeckOfRoles.cpp">
      <Filter>General\src</Filter>
    </ClCompile>
    <ClCompile Include="HandObserver.cpp">
      <Filter>Views\src</Filter>
    </ClCompile>
    <ClCompile Include="InfectedCityPercentage.cpp">
      <Filter>Views\src</Filter>
    </ClCompile>
    <ClCompile Include="RemainingInfectionCard.cpp">
      <Filter>Views\src</Filter>
    </ClCompile>
    <ClCompile Include="StatisticDecorator.cpp">
      <Filter>Views\src</Filter>
    </ClCompile>
    <ClCompile Include="TreatmentPriority.cpp">
      <Filter>Views\src</Filter>
    </ClCompile>
    <ClCompile Include="DoNothing.cpp">
      <Filter>Actions\General Actions\src</Filter>
    </ClCompile>
    <ClCompile Include="PlayerController.cpp">
      <Filter>Controllers\src</Filter>
    </ClCompile>
    <ClCompile Include="DeckOfEvents.cpp">
      <Filter>General\src</Filter>
    </ClCompile>
    <ClCompile Include="Quit.cpp">
      <Filter>Victory and Defeat\src</Filter>
    </ClCompile>
    <ClCompile Include="PlayerCardDeck.cpp">
      <Filter>Victory and Defeat\src</Filter>
    </ClCompile>
    <ClCompile Include="AirliftCard.cpp">
      <Filter>Event Cards\src</Filter>
    </ClCompile>
    <ClCompile Include="ForecastCard.cpp">
      <Filter>Event Cards\src</Filter>
    </ClCompile>
    <ClCompile Include="GovernmentGrantCard.cpp">
      <Filter>Event Cards\src</Filter>
    </ClCompile>
    <ClCompile Include="OneQuietNightCard.cpp">
      <Filter>Event Cards\src</Filter>
    </ClCompile>
    <ClCompile Include="ResilientPopulationCard.cpp">
      <Filter>Event Cards\src</Filter>
    </ClCompile>
    <ClCompile Include="StoreEventCard.cpp" />
  </ItemGroup>
  <ItemGroup>
    <None Include="earth.map">
      <Filter>Resource Files</Filter>
    </None>
    <None Include="earth2.map">
      <Filter>Resource Files</Filter>
    </None>
    <None Include="save.json">
      <Filter>Resource Files</Filter>
    </None>
    <None Include="save2.json">
      <Filter>Resource Files</Filter>
    </None>
    <None Include="save5.json">
      <Filter>Resource Files</Filter>
    </None>
    <None Include="test.map">
      <Filter>Resource Files</Filter>
    </None>
    <None Include="test2.map">
      <Filter>Resource Files</Filter>
    </None>
  </ItemGroup>
  <ItemGroup>
    <Text Include="README.txt">
      <Filter>Resource Files</Filter>
    </Text>
  </ItemGroup>
</Project>