<?xml version="1.0" encoding="utf-8"?>
<Project ToolsVersion="4.0" xmlns="http://schemas.microsoft.com/developer/msbuild/2003">
  <ItemGroup>
    <Filter Include="Resource Files">
      <UniqueIdentifier>{67DA6AB6-F800-4c08-8B7A-83BB121AAD01}</UniqueIdentifier>
      <Extensions>rc;ico;cur;bmp;dlg;rc2;rct;bin;rgs;gif;jpg;jpeg;jpe;resx;tiff;tif;png;wav;mfcribbon-ms</Extensions>
    </Filter>
    <Filter Include="Cards">
      <UniqueIdentifier>{a4a46059-1194-4b5d-9354-962712d90885}</UniqueIdentifier>
    </Filter>
    <Filter Include="General">
      <UniqueIdentifier>{0cd3817d-db93-4235-9227-fc01f32916b8}</UniqueIdentifier>
    </Filter>
    <Filter Include="General\header">
      <UniqueIdentifier>{1e8f2166-812c-4967-a65c-c0dc53fffe69}</UniqueIdentifier>
    </Filter>
    <Filter Include="General\src">
      <UniqueIdentifier>{ebbb15ad-6978-42dc-af33-b3e807544bcc}</UniqueIdentifier>
    </Filter>
    <Filter Include="Menus">
      <UniqueIdentifier>{15999139-a7f9-42ac-bb4f-b6f66e343798}</UniqueIdentifier>
    </Filter>
    <Filter Include="Menus\header">
      <UniqueIdentifier>{f3f60604-24cd-4a70-8234-278ae3ba1966}</UniqueIdentifier>
    </Filter>
    <Filter Include="Menus\src">
      <UniqueIdentifier>{f13a43fe-de5a-4b06-bf76-b5690cdc0bf1}</UniqueIdentifier>
    </Filter>
    <Filter Include="Util">
      <UniqueIdentifier>{2ef799ea-aeaa-4605-84e9-2fdae6a1b82e}</UniqueIdentifier>
    </Filter>
    <Filter Include="Util\header">
      <UniqueIdentifier>{96ec411e-8b33-44de-939d-fa6f41194f1b}</UniqueIdentifier>
    </Filter>
    <Filter Include="Util\src">
      <UniqueIdentifier>{f34b2921-a5d0-47cd-a707-b0b7622031ac}</UniqueIdentifier>
    </Filter>
    <Filter Include="Editors">
      <UniqueIdentifier>{80860c71-a814-403f-9f59-c431b8762adb}</UniqueIdentifier>
    </Filter>
    <Filter Include="Editors\header">
      <UniqueIdentifier>{56713094-5de0-46d2-a0e6-4f03dac55350}</UniqueIdentifier>
    </Filter>
    <Filter Include="Editors\src">
      <UniqueIdentifier>{6e4bb0b4-5c32-49ed-ba99-11c63aa6e1a6}</UniqueIdentifier>
    </Filter>
    <Filter Include="Victory and Defeat">
      <UniqueIdentifier>{6a4101d1-adab-4909-aada-4806a4a5d52a}</UniqueIdentifier>
    </Filter>
    <Filter Include="Victory and Defeat\header">
      <UniqueIdentifier>{b50446da-a4a3-4604-88f6-894ceffddf4b}</UniqueIdentifier>
    </Filter>
    <Filter Include="Victory and Defeat\src">
      <UniqueIdentifier>{ad338b42-bd7c-4d71-aa77-f5759b474df0}</UniqueIdentifier>
    </Filter>
    <Filter Include="Main">
      <UniqueIdentifier>{c4b4a563-92a9-427a-b60f-7e79f6aad0f4}</UniqueIdentifier>
    </Filter>
    <Filter Include="Views">
      <UniqueIdentifier>{dda3c2e8-c81e-4a95-923e-92f475833527}</UniqueIdentifier>
    </Filter>
    <Filter Include="Views\header">
      <UniqueIdentifier>{5bf945b4-51e0-45da-b576-bb65fb32b26f}</UniqueIdentifier>
    </Filter>
    <Filter Include="Views\src">
      <UniqueIdentifier>{d00b4926-ef4f-44b5-94ab-4db3206bc5a8}</UniqueIdentifier>
    </Filter>
    <Filter Include="Controllers">
      <UniqueIdentifier>{6fc5e5ae-0781-4541-8a36-c29ef2ebcac6}</UniqueIdentifier>
    </Filter>
    <Filter Include="Controllers\header">
      <UniqueIdentifier>{07cf3dfb-45d3-4b44-97c3-871ba57cabae}</UniqueIdentifier>
    </Filter>
    <Filter Include="Controllers\src">
      <UniqueIdentifier>{8f87dc60-d41d-4242-ab2b-28dc1aa3dbc4}</UniqueIdentifier>
    </Filter>
    <Filter Include="Actions">
      <UniqueIdentifier>{d37f08b0-6c2d-40e3-a183-72c754099b3a}</UniqueIdentifier>
    </Filter>
    <Filter Include="Actions\General Actions">
      <UniqueIdentifier>{c2e0e9e3-147a-484b-a1ab-fac9e3d22916}</UniqueIdentifier>
    </Filter>
    <Filter Include="Actions\General Actions\header">
      <UniqueIdentifier>{ccd22b86-e022-4b01-8f28-837477d06b89}</UniqueIdentifier>
    </Filter>
    <Filter Include="Actions\General Actions\src">
      <UniqueIdentifier>{76bd7ac1-0da2-4358-bb55-d7c566d5128e}</UniqueIdentifier>
    </Filter>
    <Filter Include="Actions\Abstract">
      <UniqueIdentifier>{dd02fd5e-4782-4061-a5b4-8e60e28d942e}</UniqueIdentifier>
    </Filter>
    <Filter Include="Actions\Abstract\header">
      <UniqueIdentifier>{093a2aa8-24c7-4bf8-9613-1bb8191b74b8}</UniqueIdentifier>
    </Filter>
    <Filter Include="Actions\Abstract\src">
      <UniqueIdentifier>{e7318972-542c-4228-b517-471d163c3807}</UniqueIdentifier>
    </Filter>
    <Filter Include="Actions\Role Actions">
      <UniqueIdentifier>{2fd5e80d-b54e-488a-b47b-332fa2141fa5}</UniqueIdentifier>
    </Filter>
    <Filter Include="Actions\Role Actions\header">
      <UniqueIdentifier>{a2016b86-e234-49d0-b2e9-75aaefb5f153}</UniqueIdentifier>
    </Filter>
    <Filter Include="Actions\Role Actions\src">
      <UniqueIdentifier>{8c5ef2d7-a7a6-4f69-aee0-b76235e52ac1}</UniqueIdentifier>
    </Filter>
    <Filter Include="Cards\Role Cards">
      <UniqueIdentifier>{b2339754-1bea-4372-aa5b-90086507cd03}</UniqueIdentifier>
    </Filter>
    <Filter Include="Cards\Role Cards\header">
      <UniqueIdentifier>{0995aac1-899e-471d-8e99-1b05c2242169}</UniqueIdentifier>
    </Filter>
    <Filter Include="Cards\Role Cards\src">
      <UniqueIdentifier>{9057ebff-04cf-41e1-9634-e43e18d84e52}</UniqueIdentifier>
    </Filter>
    <Filter Include="Cards\General">
      <UniqueIdentifier>{0694715b-7e3c-4172-a62c-fef9c1232c23}</UniqueIdentifier>
    </Filter>
    <Filter Include="Cards\General\header">
      <UniqueIdentifier>{478694a9-22ff-43f6-a515-7a0f23f6eb52}</UniqueIdentifier>
    </Filter>
    <Filter Include="Cards\General\src">
      <UniqueIdentifier>{49ad233d-fe1c-4f09-8f41-95e095b7024c}</UniqueIdentifier>
    </Filter>
  </ItemGroup>
  <ItemGroup>
    <ClInclude Include="Card.h">
      <Filter>Cards\General\header</Filter>
    </ClInclude>
    <ClInclude Include="CityCard.h">
      <Filter>Cards\General\header</Filter>
    </ClInclude>
    <ClInclude Include="EpidemicCard.h">
      <Filter>Cards\General\header</Filter>
    </ClInclude>
    <ClInclude Include="EventCard.h">
      <Filter>Cards\General\header</Filter>
    </ClInclude>
    <ClInclude Include="InfectionCard.h">
      <Filter>Cards\General\header</Filter>
    </ClInclude>
    <ClInclude Include="PlayerCard.h">
      <Filter>Cards\General\header</Filter>
    </ClInclude>
    <ClInclude Include="PlayerCityCard.h">
      <Filter>Cards\General\header</Filter>
    </ClInclude>
    <ClInclude Include="TextualCard.h">
      <Filter>Cards\General\header</Filter>
    </ClInclude>
    <ClInclude Include="City.h">
      <Filter>General\header</Filter>
    </ClInclude>
    <ClInclude Include="Colour.h">
      <Filter>General\header</Filter>
    </ClInclude>
    <ClInclude Include="CubePool.h">
      <Filter>General\header</Filter>
    </ClInclude>
    <ClInclude Include="InfectionCardDeck.h">
      <Filter>General\header</Filter>
    </ClInclude>
    <ClInclude Include="Map.h">
      <Filter>General\header</Filter>
    </ClInclude>
    <ClInclude Include="Pawn.h">
      <Filter>General\header</Filter>
    </ClInclude>
    <ClInclude Include="Player.h">
      <Filter>General\header</Filter>
    </ClInclude>
    <ClInclude Include="Deck.h">
      <Filter>General\header</Filter>
    </ClInclude>
    <ClInclude Include="DeckofRoles.h">
      <Filter>General\header</Filter>
    </ClInclude>
    <ClInclude Include="Menu.h">
      <Filter>Menus\header</Filter>
    </ClInclude>
    <ClInclude Include="MenuOption.h">
      <Filter>Menus\header</Filter>
    </ClInclude>
    <ClInclude Include="Serialization.h">
      <Filter>Util\header</Filter>
    </ClInclude>
    <ClInclude Include="Util.h">
      <Filter>Util\header</Filter>
    </ClInclude>
    <ClInclude Include="json.hpp">
      <Filter>Resource Files</Filter>
    </ClInclude>
    <ClInclude Include="DeckofEvents.h">
      <Filter>General\header</Filter>
    </ClInclude>
    <ClInclude Include="MapEditor.h">
      <Filter>Editors\header</Filter>
    </ClInclude>
    <ClInclude Include="TerminationState.h">
      <Filter>Victory and Defeat\header</Filter>
    </ClInclude>
    <ClInclude Include="OutbreakCounter.h">
      <Filter>Victory and Defeat\header</Filter>
    </ClInclude>
    <ClInclude Include="Pandemic.h">
      <Filter>Main</Filter>
    </ClInclude>
    <ClInclude Include="DiseaseTracker.h">
      <Filter>Victory and Defeat\header</Filter>
    </ClInclude>
    <ClInclude Include="Observable.h">
      <Filter>General\header</Filter>
    </ClInclude>
    <ClInclude Include="Observer.h">
      <Filter>Views\header</Filter>
    </ClInclude>
    <ClInclude Include="View.h">
      <Filter>Views\header</Filter>
    </ClInclude>
    <ClInclude Include="MultiView.h">
      <Filter>Views\header</Filter>
    </ClInclude>
    <ClInclude Include="TerminationHandler.h">
      <Filter>Views\header</Filter>
    </ClInclude>
    <ClInclude Include="Terminator.h">
      <Filter>Victory and Defeat\header</Filter>
    </ClInclude>
    <ClInclude Include="Board.h">
      <Filter>General\header</Filter>
    </ClInclude>
    <ClInclude Include="StateMachine.h">
      <Filter>Controllers\header</Filter>
    </ClInclude>
    <ClInclude Include="State.h">
      <Filter>Controllers\header</Filter>
    </ClInclude>
    <ClInclude Include="Action.h">
      <Filter>Actions\Abstract\header</Filter>
    </ClInclude>
    <ClInclude Include="ActionController.h">
      <Filter>Controllers\header</Filter>
    </ClInclude>
    <ClInclude Include="CharterFlight.h">
      <Filter>Actions\General Actions\header</Filter>
    </ClInclude>
    <ClInclude Include="DirectFlight.h">
      <Filter>Actions\General Actions\header</Filter>
    </ClInclude>
    <ClInclude Include="DiscoverACure.h">
      <Filter>Actions\General Actions\header</Filter>
    </ClInclude>
    <ClInclude Include="DriveOrFerry.h">
      <Filter>Actions\General Actions\header</Filter>
    </ClInclude>
    <ClInclude Include="GiveKnowledge.h">
      <Filter>Actions\General Actions\header</Filter>
    </ClInclude>
    <ClInclude Include="ShuttleFlight.h">
      <Filter>Actions\General Actions\header</Filter>
    </ClInclude>
    <ClInclude Include="TakeKnowledge.h">
      <Filter>Actions\General Actions\header</Filter>
    </ClInclude>
    <ClInclude Include="TreatDisease.h">
      <Filter>Actions\General Actions\header</Filter>
    </ClInclude>
    <ClInclude Include="Dispatch.h">
      <Filter>Actions\Role Actions\header</Filter>
    </ClInclude>
    <ClInclude Include="RoleCard.h">
      <Filter>Cards\Role Cards\header</Filter>
    </ClInclude>
    <ClInclude Include="Dispatcher.h">
      <Filter>Cards\Role Cards\header</Filter>
    </ClInclude>
    <ClInclude Include="GameStatistics.h" />
  </ItemGroup>
  <ItemGroup>
    <ClCompile Include="Card.cpp">
      <Filter>Cards\General\src</Filter>
    </ClCompile>
    <ClCompile Include="CityCard.cpp">
      <Filter>Cards\General\src</Filter>
    </ClCompile>
    <ClCompile Include="EpidemicCard.cpp">
      <Filter>Cards\General\src</Filter>
    </ClCompile>
    <ClCompile Include="EventCard.cpp">
      <Filter>Cards\General\src</Filter>
    </ClCompile>
    <ClCompile Include="InfectionCard.cpp">
      <Filter>Cards\General\src</Filter>
    </ClCompile>
    <ClCompile Include="PlayerCard.cpp">
      <Filter>Cards\General\src</Filter>
    </ClCompile>
    <ClCompile Include="PlayerCityCard.cpp">
      <Filter>Cards\General\src</Filter>
    </ClCompile>
    <ClCompile Include="TextualCard.cpp">
      <Filter>Cards\General\src</Filter>
    </ClCompile>
    <ClCompile Include="City.cpp">
      <Filter>General\src</Filter>
    </ClCompile>
    <ClCompile Include="Colour.cpp">
      <Filter>General\src</Filter>
    </ClCompile>
    <ClCompile Include="CubePool.cpp">
      <Filter>General\src</Filter>
    </ClCompile>
    <ClCompile Include="InfectionCardDeck.cpp">
      <Filter>General\src</Filter>
    </ClCompile>
    <ClCompile Include="Map.cpp">
      <Filter>General\src</Filter>
    </ClCompile>
    <ClCompile Include="Pawn.cpp">
      <Filter>General\src</Filter>
    </ClCompile>
    <ClCompile Include="Player.cpp">
      <Filter>General\src</Filter>
    </ClCompile>
    <ClCompile Include="Deck.cpp">
      <Filter>General\src</Filter>
    </ClCompile>
    <ClCompile Include="DeckofRoles.cpp">
      <Filter>General\src</Filter>
    </ClCompile>
    <ClCompile Include="Menu.cpp">
      <Filter>Menus\src</Filter>
    </ClCompile>
    <ClCompile Include="Util.cpp">
      <Filter>Util\src</Filter>
    </ClCompile>
    <ClCompile Include="Serialization.cpp">
      <Filter>Util\src</Filter>
    </ClCompile>
    <ClCompile Include="DeckofEvents.cpp">
      <Filter>General\src</Filter>
    </ClCompile>
    <ClCompile Include="MapEditor.cpp">
      <Filter>Editors\src</Filter>
    </ClCompile>
    <ClCompile Include="Terminator.cpp">
      <Filter>Victory and Defeat\src</Filter>
    </ClCompile>
    <ClCompile Include="OutbreakCounter.cpp">
      <Filter>Victory and Defeat\src</Filter>
    </ClCompile>
    <ClCompile Include="Pandemic.cpp">
      <Filter>Main</Filter>
    </ClCompile>
    <ClCompile Include="Observable.cpp">
      <Filter>General\src</Filter>
    </ClCompile>
    <ClCompile Include="TerminationHandler.cpp">
      <Filter>Views\src</Filter>
    </ClCompile>
    <ClCompile Include="DiseaseTracker.cpp">
      <Filter>Victory and Defeat\src</Filter>
    </ClCompile>
    <ClCompile Include="Board.cpp">
      <Filter>General\src</Filter>
    </ClCompile>
    <ClCompile Include="StateMachine.cpp">
      <Filter>Controllers\src</Filter>
    </ClCompile>
    <ClCompile Include="Action.cpp">
      <Filter>Actions\Abstract\src</Filter>
    </ClCompile>
    <ClCompile Include="ActionController.cpp">
      <Filter>Controllers\src</Filter>
    </ClCompile>
    <ClCompile Include="CharterFlight.cpp">
      <Filter>Actions\General Actions\src</Filter>
    </ClCompile>
    <ClCompile Include="DirectFlight.cpp">
      <Filter>Actions\General Actions\src</Filter>
    </ClCompile>
    <ClCompile Include="DiscoverACure.cpp">
      <Filter>Actions\General Actions\src</Filter>
    </ClCompile>
    <ClCompile Include="DriveOrFerry.cpp">
      <Filter>Actions\General Actions\src</Filter>
    </ClCompile>
    <ClCompile Include="GiveKnowledge.cpp">
      <Filter>Actions\General Actions\src</Filter>
    </ClCompile>
    <ClCompile Include="ShuttleFlight.cpp">
      <Filter>Actions\General Actions\src</Filter>
    </ClCompile>
    <ClCompile Include="TakeKnowledge.cpp">
      <Filter>Actions\General Actions\src</Filter>
    </ClCompile>
    <ClCompile Include="TreatDisease.cpp">
      <Filter>Actions\General Actions\src</Filter>
    </ClCompile>
    <ClCompile Include="RoleCard.cpp">
      <Filter>Cards\Role Cards\src</Filter>
    </ClCompile>
    <ClCompile Include="Dispatch.cpp">
      <Filter>Actions\Role Actions\src</Filter>
    </ClCompile>
    <ClCompile Include="Dispatcher.cpp">
      <Filter>Cards\Role Cards\src</Filter>
    </ClCompile>
    <ClCompile Include="GameStatistics.cpp" />
  </ItemGroup>
  <ItemGroup>
    <Text Include="README.txt">
      <Filter>Resource Files</Filter>
    </Text>
  </ItemGroup>
  <ItemGroup>
    <None Include="earth.map">
      <Filter>Resource Files</Filter>
    </None>
    <None Include="save.json">
      <Filter>Resource Files</Filter>
    </None>
    <None Include="earth2.map">
      <Filter>Resource Files</Filter>
    </None>
    <None Include="save2.json">
      <Filter>Resource Files</Filter>
    </None>
    <None Include="save5.json">
      <Filter>Resource Files</Filter>
    </None>
    <None Include="test.map">
      <Filter>Resource Files</Filter>
    </None>
    <None Include="test2.map">
      <Filter>Resource Files</Filter>
    </None>
  </ItemGroup>
</Project>